<?xml version="1.0" encoding="utf-8"?>
<Project ToolsVersion="4.0" xmlns="http://schemas.microsoft.com/developer/msbuild/2003">
  <ItemGroup>
    <Filter Include="Source">
      <UniqueIdentifier>{4FC737F1-C7A5-4376-A066-2A32D752A2FF}</UniqueIdentifier>
      <Extensions>cpp;c;cc;cxx;def;odl;idl;hpj;bat;asm;asmx</Extensions>
    </Filter>
  </ItemGroup>
  <ItemGroup>
    <ClCompile Include="Main_Win32.cpp">
      <Filter>Source</Filter>
    </ClCompile>
    <ClCompile Include="TheApp.cpp">
      <Filter>Source</Filter>
    </ClCompile>
    <ClCompile Include="TheGame.cpp">
      <Filter>Source</Filter>
    </ClCompile>
    <ClCompile Include="Scene/ProtoState.cpp">
      <Filter>Source</Filter>
    </ClCompile>
    <ClCompile Include="Scene/GameState.cpp">
      <Filter>Source</Filter>
    </ClCompile>
    <ClCompile Include="Test/DelegateTest.cpp">
      <Filter>Source</Filter>
    </ClCompile>
    <ClCompile Include="Util/GameCommon.cpp">
      <Filter>Source</Filter>
    </ClCompile>
    <ClCompile Include="Scene/PachinkoState.cpp">
      <Filter>Source</Filter>
    </ClCompile>
    <ClCompile Include="Scene/GameStateMachine.cpp">
      <Filter>Source</Filter>
    </ClCompile>
    <ClCompile Include="Test/MathTest.cpp">
      <Filter>Source</Filter>
    </ClCompile>
    <ClCompile Include="Test/TransformTest.cpp">
      <Filter>Source</Filter>
    </ClCompile>
  </ItemGroup>
  <ItemGroup>
    <ClInclude Include="TheApp.hpp">
      <Filter>Source</Filter>
    </ClInclude>
    <ClInclude Include="TheGame.hpp">
      <Filter>Source</Filter>
    </ClInclude>
    <ClInclude Include="Scene/AIPrototype2D.hpp" />
    <ClInclude Include="Scene/PachinkoState.hpp" />
    <ClInclude Include="Scene/StateMachine.hpp" />
    <ClInclude Include="Scene/GameState.hpp" />
    <ClInclude Include="Test/DelegateTest.hpp" />
    <ClInclude Include="Test/TransformTest.hpp" />
    <ClInclude Include="Test/MathTest.hpp" />
    <ClInclude Include="Util/GameCommon.hpp" />
  </ItemGroup>
</Project>