<?xml version="1.0" encoding="utf-8"?>
<Project ToolsVersion="4.0" xmlns="http://schemas.microsoft.com/developer/msbuild/2003">
  <ItemGroup>
    <Filter Include="Source">
      <UniqueIdentifier>{4FC737F1-C7A5-4376-A066-2A32D752A2FF}</UniqueIdentifier>
      <Extensions>cpp;c;cc;cxx;def;odl;idl;hpj;bat;asm;asmx</Extensions>
    </Filter>
  </ItemGroup>
  <ItemGroup>
    <ClCompile Include="Main_Win32.cpp">
      <Filter>Source</Filter>
    </ClCompile>
    <ClCompile Include="GameCommon.cpp">
      <Filter>Source</Filter>
    </ClCompile>
    <ClCompile Include="TheApp.cpp">
      <Filter>Source</Filter>
    </ClCompile>
    <ClCompile Include="TheGame.cpp">
      <Filter>Source</Filter>
    </ClCompile>
    <ClCompile Include="AIPrototype2D.cpp">
      <Filter>Source</Filter>
    </ClCompile>
    <ClCompile Include="GameState.cpp">
      <Filter>Source</Filter>
    </ClCompile>
    <ClCompile Include="PachinkoState.cpp">
      <Filter>Source</Filter>
    </ClCompile>
    <ClCompile Include="StateMachine.cpp">
      <Filter>Source</Filter>
    </ClCompile>
    <ClCompile Include="DelegateTest.cpp">
      <Filter>Source</Filter>
    </ClCompile>
    <ClCompile Include="MathTest.cpp">
      <Filter>Source</Filter>
    </ClCompile>
    <ClCompile Include="TransformTest.cpp">
      <Filter>Source</Filter>
    </ClCompile>
  </ItemGroup>
  <ItemGroup>
    <ClInclude Include="GameCommon.hpp">
      <Filter>Source</Filter>
    </ClInclude>
    <ClInclude Include="TheApp.hpp">
      <Filter>Source</Filter>
    </ClInclude>
    <ClInclude Include="TheGame.hpp">
      <Filter>Source</Filter>
    </ClInclude>
    <ClInclude Include="AIPrototype2D.hpp">
      <Filter>Source</Filter>
    </ClInclude>
    <ClInclude Include="GameState.hpp">
      <Filter>Source</Filter>
    </ClInclude>
    <ClInclude Include="PachinkoState.hpp">
      <Filter>Source</Filter>
    </ClInclude>
    <ClInclude Include="StateMachine.hpp">
      <Filter>Source</Filter>
    </ClInclude>
    <ClInclude Include="DelegateTest.hpp">
      <Filter>Source</Filter>
    </ClInclude>
    <ClInclude Include="MathTest.hpp">
      <Filter>Source</Filter>
    </ClInclude>
    <ClInclude Include="TransformTest.hpp">
      <Filter>Source</Filter>
    </ClInclude>
  </ItemGroup>
</Project>